
Microsoft Visual Studio Solution File, Format Version 11.00
# Visual Studio 2010
Project("{FAE04EC0-301F-11D3-BF4B-00C04F79EFBC}") = "Assembly-CSharp", "Assembly-CSharp.csproj", "{bdae981e-04f3-cb25-c138-2b68fe2350bb}"
EndProject
Project("{FAE04EC0-301F-11D3-BF4B-00C04F79EFBC}") = "Assembly-CSharp-Editor", "Assembly-CSharp-Editor.csproj", "{dba2aa2a-99ad-7eff-d10b-41a670ffd15b}"
EndProject
Global
	GlobalSection(SolutionConfigurationPlatforms) = preSolution
		Debug|Any CPU = Debug|Any CPU
	EndGlobalSection
	GlobalSection(ProjectConfigurationPlatforms) = postSolution
		{bdae981e-04f3-cb25-c138-2b68fe2350bb}.Debug|Any CPU.ActiveCfg = Debug|Any CPU
		{bdae981e-04f3-cb25-c138-2b68fe2350bb}.Debug|Any CPU.Build.0 = Debug|Any CPU
		{dba2aa2a-99ad-7eff-d10b-41a670ffd15b}.Debug|Any CPU.ActiveCfg = Debug|Any CPU
		{dba2aa2a-99ad-7eff-d10b-41a670ffd15b}.Debug|Any CPU.Build.0 = Debug|Any CPU
	EndGlobalSection
	GlobalSection(SolutionProperties) = preSolution
		HideSolutionNode = FALSE
	EndGlobalSection
EndGlobal
